
Microsoft Visual Studio Solution File, Format Version 12.00
# Visual Studio 15
VisualStudioVersion = 15.0.28307.489
MinimumVisualStudioVersion = 10.0.40219.1
Project("{FAE04EC0-301F-11D3-BF4B-00C04F79EFBC}") = "VideoCutter", "VideoCutter\VideoCutter.csproj", "{4B7953C8-9621-4073-B1D5-755C3579217B}"
EndProject
Global
	GlobalSection(SolutionConfigurationPlatforms) = preSolution
		Debug|Any CPU = Debug|Any CPU
		Release|Any CPU = Release|Any CPU
	EndGlobalSection
	GlobalSection(ProjectConfigurationPlatforms) = postSolution
		{4B7953C8-9621-4073-B1D5-755C3579217B}.Debug|Any CPU.ActiveCfg = Debug|Any CPU
		{4B7953C8-9621-4073-B1D5-755C3579217B}.Debug|Any CPU.Build.0 = Debug|Any CPU
		{4B7953C8-9621-4073-B1D5-755C3579217B}.Release|Any CPU.ActiveCfg = Release|Any CPU
		{4B7953C8-9621-4073-B1D5-755C3579217B}.Release|Any CPU.Build.0 = Release|Any CPU
	EndGlobalSection
	GlobalSection(SolutionProperties) = preSolution
		HideSolutionNode = FALSE
	EndGlobalSection
	GlobalSection(ExtensibilityGlobals) = postSolution
		SolutionGuid = {C26FF272-F194-49B1-9EE9-7AB4463EF3D0}
	EndGlobalSection
EndGlobal
